github.com/aAmer0neee/backend-dev-assignment v0.0.0-20250423075508-2524e8ee6d54 h1:5hQbpA+iSwEgPhVW2Elwh/OWKZ1EPyLR+T/wujfxtBA=
github.com/aAmer0neee/backend-dev-assignment v0.0.0-20250423075508-2524e8ee6d54/go.mod h1:tiAUKtP4dnaRKgyn577NArsrcng9/VvvdqtTiVzinYo=
golang.org/x/net v0.39.0 h1:ZCu7HMWDxpXpaiKdhzIfaltL9Lp31x/3fCP11bc6/fY=
golang.org/x/net v0.39.0/go.mod h1:X7NRbYVEA+ewNkCNyJ513WmMdQ3BineSwVtN2zD/d+E=
golang.org/x/text v0.24.0 h1:dd5Bzh4yt5KYA8f9CJHCP4FB4D51c2c6JvN37xJJkJ0=
golang.org/x/text v0.24.0/go.mod h1:L8rBsPeo2pSS+xqN0d5u2ikmjtmoJbDBT1b7nHvFCdU=
